
Microsoft Visual Studio Solution File, Format Version 12.00
# Visual Studio 15
VisualStudioVersion = 15.0.26730.16
MinimumVisualStudioVersion = 10.0.40219.1
Project("{FAE04EC0-301F-11D3-BF4B-00C04F79EFBC}") = "AnimalShelter", "AnimalShelter\AnimalShelter.csproj", "{0B531EC4-610A-48D2-9C87-17830F0585D6}"
EndProject
Global
	GlobalSection(SolutionConfigurationPlatforms) = preSolution
		Debug|Any CPU = Debug|Any CPU
		Release|Any CPU = Release|Any CPU
	EndGlobalSection
	GlobalSection(ProjectConfigurationPlatforms) = postSolution
		{0B531EC4-610A-48D2-9C87-17830F0585D6}.Debug|Any CPU.ActiveCfg = Debug|Any CPU
		{0B531EC4-610A-48D2-9C87-17830F0585D6}.Debug|Any CPU.Build.0 = Debug|Any CPU
		{0B531EC4-610A-48D2-9C87-17830F0585D6}.Release|Any CPU.ActiveCfg = Release|Any CPU
		{0B531EC4-610A-48D2-9C87-17830F0585D6}.Release|Any CPU.Build.0 = Release|Any CPU
	EndGlobalSection
	GlobalSection(SolutionProperties) = preSolution
		HideSolutionNode = FALSE
	EndGlobalSection
	GlobalSection(ExtensibilityGlobals) = postSolution
		SolutionGuid = {207659A2-06CE-4585-A3A2-D6552A20522F}
	EndGlobalSection
EndGlobal
