
Microsoft Visual Studio Solution File, Format Version 12.00
# Visual Studio 15
VisualStudioVersion = 15.0.26730.16
MinimumVisualStudioVersion = 10.0.40219.1
Project("{FAE04EC0-301F-11D3-BF4B-00C04F79EFBC}") = "BSTMinMax", "BSTMinMax\BSTMinMax.csproj", "{5EF3D3B5-35AF-41AD-BDBC-5158EF269C48}"
EndProject
Global
	GlobalSection(SolutionConfigurationPlatforms) = preSolution
		Debug|Any CPU = Debug|Any CPU
		Release|Any CPU = Release|Any CPU
	EndGlobalSection
	GlobalSection(ProjectConfigurationPlatforms) = postSolution
		{5EF3D3B5-35AF-41AD-BDBC-5158EF269C48}.Debug|Any CPU.ActiveCfg = Debug|Any CPU
		{5EF3D3B5-35AF-41AD-BDBC-5158EF269C48}.Debug|Any CPU.Build.0 = Debug|Any CPU
		{5EF3D3B5-35AF-41AD-BDBC-5158EF269C48}.Release|Any CPU.ActiveCfg = Release|Any CPU
		{5EF3D3B5-35AF-41AD-BDBC-5158EF269C48}.Release|Any CPU.Build.0 = Release|Any CPU
	EndGlobalSection
	GlobalSection(SolutionProperties) = preSolution
		HideSolutionNode = FALSE
	EndGlobalSection
	GlobalSection(ExtensibilityGlobals) = postSolution
		SolutionGuid = {1FB9AFA8-9021-4F44-9480-C085736FE2D4}
	EndGlobalSection
EndGlobal
