
Microsoft Visual Studio Solution File, Format Version 12.00
# Visual Studio 15
VisualStudioVersion = 15.0.26730.16
MinimumVisualStudioVersion = 10.0.40219.1
Project("{FAE04EC0-301F-11D3-BF4B-00C04F79EFBC}") = "AssociativeArray", "AssociativeArray\AssociativeArray.csproj", "{3F56E252-23E6-4D5A-A2B0-58037F3E8C4D}"
EndProject
Global
	GlobalSection(SolutionConfigurationPlatforms) = preSolution
		Debug|Any CPU = Debug|Any CPU
		Release|Any CPU = Release|Any CPU
	EndGlobalSection
	GlobalSection(ProjectConfigurationPlatforms) = postSolution
		{3F56E252-23E6-4D5A-A2B0-58037F3E8C4D}.Debug|Any CPU.ActiveCfg = Debug|Any CPU
		{3F56E252-23E6-4D5A-A2B0-58037F3E8C4D}.Debug|Any CPU.Build.0 = Debug|Any CPU
		{3F56E252-23E6-4D5A-A2B0-58037F3E8C4D}.Release|Any CPU.ActiveCfg = Release|Any CPU
		{3F56E252-23E6-4D5A-A2B0-58037F3E8C4D}.Release|Any CPU.Build.0 = Release|Any CPU
	EndGlobalSection
	GlobalSection(SolutionProperties) = preSolution
		HideSolutionNode = FALSE
	EndGlobalSection
	GlobalSection(ExtensibilityGlobals) = postSolution
		SolutionGuid = {C0341F4D-B0DD-4FBB-BE17-5DFE5DC53D35}
	EndGlobalSection
EndGlobal
